
Microsoft Visual Studio Solution File, Format Version 12.00
# Visual Studio Version 17
VisualStudioVersion = 17.14.36221.1
MinimumVisualStudioVersion = 10.0.40219.1
Project("{FAE04EC0-301F-11D3-BF4B-00C04F79EFBC}") = "Persistence", "Persistence\Persistence.csproj", "{8DC6B505-34AD-45DC-BB64-0CB86FF57581}"
EndProject
Project("{FAE04EC0-301F-11D3-BF4B-00C04F79EFBC}") = "Service", "Service\Service.csproj", "{98EF6646-3DCB-449E-9B0A-9D44AA21CC39}"
EndProject
Project("{FAE04EC0-301F-11D3-BF4B-00C04F79EFBC}") = "RestfulPhoneApi", "RestfulPhoneApi\RestfulPhoneApi.csproj", "{A28A0F97-AED8-400C-A12B-AB44516305AD}"
EndProject
Project("{2150E333-8FDC-42A3-9474-1A3956D46DE8}") = "EsercizioThreeLayer", "EsercizioThreeLayer", "{5082C11D-BEFB-2D9B-9552-7889E7874DB9}"
EndProject
Project("{2150E333-8FDC-42A3-9474-1A3956D46DE8}") = "EsercizioConsoleApp", "EsercizioConsoleApp", "{39417435-3A20-5A9C-73FB-074EF7A56C79}"
EndProject
Project("{FAE04EC0-301F-11D3-BF4B-00C04F79EFBC}") = "ConsoleLibri", "ConsoleLibri\ConsoleLibri.csproj", "{872460A9-D467-4E0D-81DD-FA688E019BE2}"
EndProject
Project("{FAE04EC0-301F-11D3-BF4B-00C04F79EFBC}") = "GestioniLibri", "GestioniLibri\GestioniLibri.csproj", "{2AE57184-97DE-471E-B989-009DB067BD51}"
EndProject
Global
	GlobalSection(SolutionConfigurationPlatforms) = preSolution
		Debug|Any CPU = Debug|Any CPU
		Release|Any CPU = Release|Any CPU
	EndGlobalSection
	GlobalSection(ProjectConfigurationPlatforms) = postSolution
		{8DC6B505-34AD-45DC-BB64-0CB86FF57581}.Debug|Any CPU.ActiveCfg = Debug|Any CPU
		{8DC6B505-34AD-45DC-BB64-0CB86FF57581}.Debug|Any CPU.Build.0 = Debug|Any CPU
		{8DC6B505-34AD-45DC-BB64-0CB86FF57581}.Release|Any CPU.ActiveCfg = Release|Any CPU
		{8DC6B505-34AD-45DC-BB64-0CB86FF57581}.Release|Any CPU.Build.0 = Release|Any CPU
		{98EF6646-3DCB-449E-9B0A-9D44AA21CC39}.Debug|Any CPU.ActiveCfg = Debug|Any CPU
		{98EF6646-3DCB-449E-9B0A-9D44AA21CC39}.Debug|Any CPU.Build.0 = Debug|Any CPU
		{98EF6646-3DCB-449E-9B0A-9D44AA21CC39}.Release|Any CPU.ActiveCfg = Release|Any CPU
		{98EF6646-3DCB-449E-9B0A-9D44AA21CC39}.Release|Any CPU.Build.0 = Release|Any CPU
		{A28A0F97-AED8-400C-A12B-AB44516305AD}.Debug|Any CPU.ActiveCfg = Debug|Any CPU
		{A28A0F97-AED8-400C-A12B-AB44516305AD}.Debug|Any CPU.Build.0 = Debug|Any CPU
		{A28A0F97-AED8-400C-A12B-AB44516305AD}.Release|Any CPU.ActiveCfg = Release|Any CPU
		{A28A0F97-AED8-400C-A12B-AB44516305AD}.Release|Any CPU.Build.0 = Release|Any CPU
		{872460A9-D467-4E0D-81DD-FA688E019BE2}.Debug|Any CPU.ActiveCfg = Debug|Any CPU
		{872460A9-D467-4E0D-81DD-FA688E019BE2}.Debug|Any CPU.Build.0 = Debug|Any CPU
		{872460A9-D467-4E0D-81DD-FA688E019BE2}.Release|Any CPU.ActiveCfg = Release|Any CPU
		{872460A9-D467-4E0D-81DD-FA688E019BE2}.Release|Any CPU.Build.0 = Release|Any CPU
		{2AE57184-97DE-471E-B989-009DB067BD51}.Debug|Any CPU.ActiveCfg = Debug|Any CPU
		{2AE57184-97DE-471E-B989-009DB067BD51}.Debug|Any CPU.Build.0 = Debug|Any CPU
		{2AE57184-97DE-471E-B989-009DB067BD51}.Release|Any CPU.ActiveCfg = Release|Any CPU
		{2AE57184-97DE-471E-B989-009DB067BD51}.Release|Any CPU.Build.0 = Release|Any CPU
	EndGlobalSection
	GlobalSection(SolutionProperties) = preSolution
		HideSolutionNode = FALSE
	EndGlobalSection
	GlobalSection(NestedProjects) = preSolution
		{8DC6B505-34AD-45DC-BB64-0CB86FF57581} = {5082C11D-BEFB-2D9B-9552-7889E7874DB9}
		{98EF6646-3DCB-449E-9B0A-9D44AA21CC39} = {5082C11D-BEFB-2D9B-9552-7889E7874DB9}
		{A28A0F97-AED8-400C-A12B-AB44516305AD} = {5082C11D-BEFB-2D9B-9552-7889E7874DB9}
		{872460A9-D467-4E0D-81DD-FA688E019BE2} = {39417435-3A20-5A9C-73FB-074EF7A56C79}
		{2AE57184-97DE-471E-B989-009DB067BD51} = {39417435-3A20-5A9C-73FB-074EF7A56C79}
	EndGlobalSection
	GlobalSection(ExtensibilityGlobals) = postSolution
		SolutionGuid = {CDA69F2F-8DCE-4E0A-8A9B-95A7E4E1D245}
	EndGlobalSection
EndGlobal
